
Microsoft Visual Studio Solution File, Format Version 12.00
# Visual Studio Version 17
VisualStudioVersion = 17.0.31919.166
MinimumVisualStudioVersion = 10.0.40219.1
Project("{FAE04EC0-301F-11D3-BF4B-00C04F79EFBC}") = "LightFeatherWebAPI", "LightFeatherWebAPI.csproj", "{C2693664-9345-4FC2-8B2A-500D82744C8E}"
EndProject
Global
	GlobalSection(SolutionConfigurationPlatforms) = preSolution
		Debug|Any CPU = Debug|Any CPU
		Release|Any CPU = Release|Any CPU
	EndGlobalSection
	GlobalSection(ProjectConfigurationPlatforms) = postSolution
		{C2693664-9345-4FC2-8B2A-500D82744C8E}.Debug|Any CPU.ActiveCfg = Debug|Any CPU
		{C2693664-9345-4FC2-8B2A-500D82744C8E}.Debug|Any CPU.Build.0 = Debug|Any CPU
		{C2693664-9345-4FC2-8B2A-500D82744C8E}.Release|Any CPU.ActiveCfg = Release|Any CPU
		{C2693664-9345-4FC2-8B2A-500D82744C8E}.Release|Any CPU.Build.0 = Release|Any CPU
	EndGlobalSection
	GlobalSection(SolutionProperties) = preSolution
		HideSolutionNode = FALSE
	EndGlobalSection
	GlobalSection(ExtensibilityGlobals) = postSolution
		SolutionGuid = {354A7E7E-56F5-4DC3-B822-BF2AF107A803}
	EndGlobalSection
EndGlobal
